
Microsoft Visual Studio Solution File, Format Version 12.00
# Visual Studio Version 17
VisualStudioVersion = 17.13.35825.156 d17.13
MinimumVisualStudioVersion = 10.0.40219.1
Project("{FAE04EC0-301F-11D3-BF4B-00C04F79EFBC}") = "FPBetaVer-1", "FPBetaVer-1.csproj", "{9B8B730C-69B0-4B51-8C67-BE64EE706406}"
EndProject
Global
	GlobalSection(SolutionConfigurationPlatforms) = preSolution
		Debug|Any CPU = Debug|Any CPU
		Release|Any CPU = Release|Any CPU
	EndGlobalSection
	GlobalSection(ProjectConfigurationPlatforms) = postSolution
		{9B8B730C-69B0-4B51-8C67-BE64EE706406}.Debug|Any CPU.ActiveCfg = Debug|Any CPU
		{9B8B730C-69B0-4B51-8C67-BE64EE706406}.Debug|Any CPU.Build.0 = Debug|Any CPU
		{9B8B730C-69B0-4B51-8C67-BE64EE706406}.Release|Any CPU.ActiveCfg = Release|Any CPU
		{9B8B730C-69B0-4B51-8C67-BE64EE706406}.Release|Any CPU.Build.0 = Release|Any CPU
	EndGlobalSection
	GlobalSection(SolutionProperties) = preSolution
		HideSolutionNode = FALSE
	EndGlobalSection
	GlobalSection(ExtensibilityGlobals) = postSolution
		SolutionGuid = {DBA8CCD3-32B4-4214-899A-BBC3D0571F4F}
	EndGlobalSection
EndGlobal
